
Microsoft Visual Studio Solution File, Format Version 12.00
# Visual Studio Version 16
VisualStudioVersion = 16.0.29806.167
MinimumVisualStudioVersion = 10.0.40219.1
Project("{9A19103F-16F7-4668-BE54-9A1E7A4F7556}") = "Stubs", "Stubs\Stubs.csproj", "{D77DC810-6909-4A57-ABA8-C2BCAA0A847C}"
EndProject
Project("{FAE04EC0-301F-11D3-BF4B-00C04F79EFBC}") = "Sonic4Episode1.UWP", "Sonic4EpisodeUWP\Sonic4Episode1.UWP.csproj", "{49CF0131-8B9C-4E60-84AE-6FC5EFC4B813}"
EndProject
Project("{FAE04EC0-301F-11D3-BF4B-00C04F79EFBC}") = "Sonic4Episode1", "Sonic4Episode1\Sonic4Episode1.csproj", "{2D35A83E-B8C8-49CB-9DCF-6D130CBE3832}"
EndProject
Project("{D954291E-2A0B-460D-934E-DC6B0785DB48}") = "Sonic4Episode1.Shared", "Sonic4Episode1.Shared\Sonic4Episode1.Shared.shproj", "{B76D7017-DE12-460C-9861-5432A8065644}"
EndProject
Project("{FAE04EC0-301F-11D3-BF4B-00C04F79EFBC}") = "Sonic4Episode1.iOS", "Sonic4Episode1.iOS\Sonic4Episode1.iOS.csproj", "{CA7AB65C-57DE-412C-AF42-E7E6EDDF2D5F}"
EndProject
Project("{9A19103F-16F7-4668-BE54-9A1E7A4F7556}") = "Sonic4Episode1.Discord", "Sonic4Episode1.Discord\Sonic4Episode1.Discord.csproj", "{3142C246-AD4F-4960-8206-CEBA37ADE4FF}"
EndProject
Global
	GlobalSection(SharedMSBuildProjectFiles) = preSolution
		Sonic4Episode1.Shared\Sonic4Episode1.projitems*{2d35a83e-b8c8-49cb-9dcf-6d130cbe3832}*SharedItemsImports = 4
		Sonic4Episode1.Shared\Sonic4Episode1.projitems*{49cf0131-8b9c-4e60-84ae-6fc5efc4b813}*SharedItemsImports = 4
		Sonic4Episode1.Shared\Sonic4Episode1.projitems*{b76d7017-de12-460c-9861-5432a8065644}*SharedItemsImports = 13
	EndGlobalSection
	GlobalSection(SolutionConfigurationPlatforms) = preSolution
		Ad-Hoc|ARM = Ad-Hoc|ARM
		Ad-Hoc|iPhone = Ad-Hoc|iPhone
		Ad-Hoc|iPhoneSimulator = Ad-Hoc|iPhoneSimulator
		Ad-Hoc|x64 = Ad-Hoc|x64
		Ad-Hoc|x86 = Ad-Hoc|x86
		AppStore|ARM = AppStore|ARM
		AppStore|iPhone = AppStore|iPhone
		AppStore|iPhoneSimulator = AppStore|iPhoneSimulator
		AppStore|x64 = AppStore|x64
		AppStore|x86 = AppStore|x86
		Debug|ARM = Debug|ARM
		Debug|iPhone = Debug|iPhone
		Debug|iPhoneSimulator = Debug|iPhoneSimulator
		Debug|x64 = Debug|x64
		Debug|x86 = Debug|x86
		Release|ARM = Release|ARM
		Release|iPhone = Release|iPhone
		Release|iPhoneSimulator = Release|iPhoneSimulator
		Release|x64 = Release|x64
		Release|x86 = Release|x86
	EndGlobalSection
	GlobalSection(ProjectConfigurationPlatforms) = postSolution
		{D77DC810-6909-4A57-ABA8-C2BCAA0A847C}.Ad-Hoc|ARM.ActiveCfg = Release|Any CPU
		{D77DC810-6909-4A57-ABA8-C2BCAA0A847C}.Ad-Hoc|ARM.Build.0 = Release|Any CPU
		{D77DC810-6909-4A57-ABA8-C2BCAA0A847C}.Ad-Hoc|iPhone.ActiveCfg = Debug|Any CPU
		{D77DC810-6909-4A57-ABA8-C2BCAA0A847C}.Ad-Hoc|iPhone.Build.0 = Debug|Any CPU
		{D77DC810-6909-4A57-ABA8-C2BCAA0A847C}.Ad-Hoc|iPhoneSimulator.ActiveCfg = Release|Any CPU
		{D77DC810-6909-4A57-ABA8-C2BCAA0A847C}.Ad-Hoc|iPhoneSimulator.Build.0 = Release|Any CPU
		{D77DC810-6909-4A57-ABA8-C2BCAA0A847C}.Ad-Hoc|x64.ActiveCfg = Release|Any CPU
		{D77DC810-6909-4A57-ABA8-C2BCAA0A847C}.Ad-Hoc|x64.Build.0 = Release|Any CPU
		{D77DC810-6909-4A57-ABA8-C2BCAA0A847C}.Ad-Hoc|x86.ActiveCfg = Release|Any CPU
		{D77DC810-6909-4A57-ABA8-C2BCAA0A847C}.Ad-Hoc|x86.Build.0 = Release|Any CPU
		{D77DC810-6909-4A57-ABA8-C2BCAA0A847C}.AppStore|ARM.ActiveCfg = Release|Any CPU
		{D77DC810-6909-4A57-ABA8-C2BCAA0A847C}.AppStore|ARM.Build.0 = Release|Any CPU
		{D77DC810-6909-4A57-ABA8-C2BCAA0A847C}.AppStore|iPhone.ActiveCfg = Debug|Any CPU
		{D77DC810-6909-4A57-ABA8-C2BCAA0A847C}.AppStore|iPhone.Build.0 = Debug|Any CPU
		{D77DC810-6909-4A57-ABA8-C2BCAA0A847C}.AppStore|iPhoneSimulator.ActiveCfg = Release|Any CPU
		{D77DC810-6909-4A57-ABA8-C2BCAA0A847C}.AppStore|iPhoneSimulator.Build.0 = Release|Any CPU
		{D77DC810-6909-4A57-ABA8-C2BCAA0A847C}.AppStore|x64.ActiveCfg = Release|Any CPU
		{D77DC810-6909-4A57-ABA8-C2BCAA0A847C}.AppStore|x64.Build.0 = Release|Any CPU
		{D77DC810-6909-4A57-ABA8-C2BCAA0A847C}.AppStore|x86.ActiveCfg = Release|Any CPU
		{D77DC810-6909-4A57-ABA8-C2BCAA0A847C}.AppStore|x86.Build.0 = Release|Any CPU
		{D77DC810-6909-4A57-ABA8-C2BCAA0A847C}.Debug|ARM.ActiveCfg = Debug|Any CPU
		{D77DC810-6909-4A57-ABA8-C2BCAA0A847C}.Debug|ARM.Build.0 = Debug|Any CPU
		{D77DC810-6909-4A57-ABA8-C2BCAA0A847C}.Debug|iPhone.ActiveCfg = Debug|Any CPU
		{D77DC810-6909-4A57-ABA8-C2BCAA0A847C}.Debug|iPhone.Build.0 = Debug|Any CPU
		{D77DC810-6909-4A57-ABA8-C2BCAA0A847C}.Debug|iPhoneSimulator.ActiveCfg = Debug|Any CPU
		{D77DC810-6909-4A57-ABA8-C2BCAA0A847C}.Debug|iPhoneSimulator.Build.0 = Debug|Any CPU
		{D77DC810-6909-4A57-ABA8-C2BCAA0A847C}.Debug|x64.ActiveCfg = Debug|Any CPU
		{D77DC810-6909-4A57-ABA8-C2BCAA0A847C}.Debug|x64.Build.0 = Debug|Any CPU
		{D77DC810-6909-4A57-ABA8-C2BCAA0A847C}.Debug|x86.ActiveCfg = Debug|Any CPU
		{D77DC810-6909-4A57-ABA8-C2BCAA0A847C}.Debug|x86.Build.0 = Debug|Any CPU
		{D77DC810-6909-4A57-ABA8-C2BCAA0A847C}.Release|ARM.ActiveCfg = Release|Any CPU
		{D77DC810-6909-4A57-ABA8-C2BCAA0A847C}.Release|ARM.Build.0 = Release|Any CPU
		{D77DC810-6909-4A57-ABA8-C2BCAA0A847C}.Release|iPhone.ActiveCfg = Release|Any CPU
		{D77DC810-6909-4A57-ABA8-C2BCAA0A847C}.Release|iPhone.Build.0 = Release|Any CPU
		{D77DC810-6909-4A57-ABA8-C2BCAA0A847C}.Release|iPhoneSimulator.ActiveCfg = Release|Any CPU
		{D77DC810-6909-4A57-ABA8-C2BCAA0A847C}.Release|iPhoneSimulator.Build.0 = Release|Any CPU
		{D77DC810-6909-4A57-ABA8-C2BCAA0A847C}.Release|x64.ActiveCfg = Release|Any CPU
		{D77DC810-6909-4A57-ABA8-C2BCAA0A847C}.Release|x64.Build.0 = Release|Any CPU
		{D77DC810-6909-4A57-ABA8-C2BCAA0A847C}.Release|x86.ActiveCfg = Release|Any CPU
		{D77DC810-6909-4A57-ABA8-C2BCAA0A847C}.Release|x86.Build.0 = Release|Any CPU
		{49CF0131-8B9C-4E60-84AE-6FC5EFC4B813}.Ad-Hoc|ARM.ActiveCfg = Release|ARM
		{49CF0131-8B9C-4E60-84AE-6FC5EFC4B813}.Ad-Hoc|iPhone.ActiveCfg = Debug|ARM
		{49CF0131-8B9C-4E60-84AE-6FC5EFC4B813}.Ad-Hoc|iPhone.Build.0 = Debug|ARM
		{49CF0131-8B9C-4E60-84AE-6FC5EFC4B813}.Ad-Hoc|iPhoneSimulator.ActiveCfg = Release|x64
		{49CF0131-8B9C-4E60-84AE-6FC5EFC4B813}.Ad-Hoc|x64.ActiveCfg = Release|x64
		{49CF0131-8B9C-4E60-84AE-6FC5EFC4B813}.Ad-Hoc|x86.ActiveCfg = Release|x86
		{49CF0131-8B9C-4E60-84AE-6FC5EFC4B813}.AppStore|ARM.ActiveCfg = Release|ARM
		{49CF0131-8B9C-4E60-84AE-6FC5EFC4B813}.AppStore|iPhone.ActiveCfg = Debug|ARM
		{49CF0131-8B9C-4E60-84AE-6FC5EFC4B813}.AppStore|iPhone.Build.0 = Debug|ARM
		{49CF0131-8B9C-4E60-84AE-6FC5EFC4B813}.AppStore|iPhoneSimulator.ActiveCfg = Release|x64
		{49CF0131-8B9C-4E60-84AE-6FC5EFC4B813}.AppStore|x64.ActiveCfg = Release|x64
		{49CF0131-8B9C-4E60-84AE-6FC5EFC4B813}.AppStore|x86.ActiveCfg = Release|x86
		{49CF0131-8B9C-4E60-84AE-6FC5EFC4B813}.Debug|ARM.ActiveCfg = Debug|ARM
		{49CF0131-8B9C-4E60-84AE-6FC5EFC4B813}.Debug|ARM.Build.0 = Debug|ARM
		{49CF0131-8B9C-4E60-84AE-6FC5EFC4B813}.Debug|ARM.Deploy.0 = Debug|ARM
		{49CF0131-8B9C-4E60-84AE-6FC5EFC4B813}.Debug|iPhone.ActiveCfg = Debug|ARM
		{49CF0131-8B9C-4E60-84AE-6FC5EFC4B813}.Debug|iPhone.Build.0 = Debug|ARM
		{49CF0131-8B9C-4E60-84AE-6FC5EFC4B813}.Debug|iPhoneSimulator.ActiveCfg = Debug|ARM
		{49CF0131-8B9C-4E60-84AE-6FC5EFC4B813}.Debug|iPhoneSimulator.Build.0 = Debug|ARM
		{49CF0131-8B9C-4E60-84AE-6FC5EFC4B813}.Debug|x64.ActiveCfg = Debug|x64
		{49CF0131-8B9C-4E60-84AE-6FC5EFC4B813}.Debug|x64.Build.0 = Debug|x64
		{49CF0131-8B9C-4E60-84AE-6FC5EFC4B813}.Debug|x64.Deploy.0 = Debug|x64
		{49CF0131-8B9C-4E60-84AE-6FC5EFC4B813}.Debug|x86.ActiveCfg = Debug|x86
		{49CF0131-8B9C-4E60-84AE-6FC5EFC4B813}.Debug|x86.Build.0 = Debug|x86
		{49CF0131-8B9C-4E60-84AE-6FC5EFC4B813}.Debug|x86.Deploy.0 = Debug|x86
		{49CF0131-8B9C-4E60-84AE-6FC5EFC4B813}.Release|ARM.ActiveCfg = Release|ARM
		{49CF0131-8B9C-4E60-84AE-6FC5EFC4B813}.Release|ARM.Build.0 = Release|ARM
		{49CF0131-8B9C-4E60-84AE-6FC5EFC4B813}.Release|ARM.Deploy.0 = Release|ARM
		{49CF0131-8B9C-4E60-84AE-6FC5EFC4B813}.Release|iPhone.ActiveCfg = Release|ARM
		{49CF0131-8B9C-4E60-84AE-6FC5EFC4B813}.Release|iPhone.Build.0 = Release|ARM
		{49CF0131-8B9C-4E60-84AE-6FC5EFC4B813}.Release|iPhoneSimulator.ActiveCfg = Release|ARM
		{49CF0131-8B9C-4E60-84AE-6FC5EFC4B813}.Release|iPhoneSimulator.Build.0 = Release|ARM
		{49CF0131-8B9C-4E60-84AE-6FC5EFC4B813}.Release|x64.ActiveCfg = Release|x64
		{49CF0131-8B9C-4E60-84AE-6FC5EFC4B813}.Release|x64.Build.0 = Release|x64
		{49CF0131-8B9C-4E60-84AE-6FC5EFC4B813}.Release|x64.Deploy.0 = Release|x64
		{49CF0131-8B9C-4E60-84AE-6FC5EFC4B813}.Release|x86.ActiveCfg = Release|x86
		{49CF0131-8B9C-4E60-84AE-6FC5EFC4B813}.Release|x86.Build.0 = Release|x86
		{49CF0131-8B9C-4E60-84AE-6FC5EFC4B813}.Release|x86.Deploy.0 = Release|x86
		{2D35A83E-B8C8-49CB-9DCF-6D130CBE3832}.Ad-Hoc|ARM.ActiveCfg = Release|Any CPU
		{2D35A83E-B8C8-49CB-9DCF-6D130CBE3832}.Ad-Hoc|ARM.Build.0 = Release|Any CPU
		{2D35A83E-B8C8-49CB-9DCF-6D130CBE3832}.Ad-Hoc|iPhone.ActiveCfg = Debug|Any CPU
		{2D35A83E-B8C8-49CB-9DCF-6D130CBE3832}.Ad-Hoc|iPhone.Build.0 = Debug|Any CPU
		{2D35A83E-B8C8-49CB-9DCF-6D130CBE3832}.Ad-Hoc|iPhoneSimulator.ActiveCfg = Release|Any CPU
		{2D35A83E-B8C8-49CB-9DCF-6D130CBE3832}.Ad-Hoc|iPhoneSimulator.Build.0 = Release|Any CPU
		{2D35A83E-B8C8-49CB-9DCF-6D130CBE3832}.Ad-Hoc|x64.ActiveCfg = Release|Any CPU
		{2D35A83E-B8C8-49CB-9DCF-6D130CBE3832}.Ad-Hoc|x64.Build.0 = Release|Any CPU
		{2D35A83E-B8C8-49CB-9DCF-6D130CBE3832}.Ad-Hoc|x86.ActiveCfg = Release|Any CPU
		{2D35A83E-B8C8-49CB-9DCF-6D130CBE3832}.Ad-Hoc|x86.Build.0 = Release|Any CPU
		{2D35A83E-B8C8-49CB-9DCF-6D130CBE3832}.AppStore|ARM.ActiveCfg = Release|Any CPU
		{2D35A83E-B8C8-49CB-9DCF-6D130CBE3832}.AppStore|ARM.Build.0 = Release|Any CPU
		{2D35A83E-B8C8-49CB-9DCF-6D130CBE3832}.AppStore|iPhone.ActiveCfg = Debug|Any CPU
		{2D35A83E-B8C8-49CB-9DCF-6D130CBE3832}.AppStore|iPhone.Build.0 = Debug|Any CPU
		{2D35A83E-B8C8-49CB-9DCF-6D130CBE3832}.AppStore|iPhoneSimulator.ActiveCfg = Release|Any CPU
		{2D35A83E-B8C8-49CB-9DCF-6D130CBE3832}.AppStore|iPhoneSimulator.Build.0 = Release|Any CPU
		{2D35A83E-B8C8-49CB-9DCF-6D130CBE3832}.AppStore|x64.ActiveCfg = Release|Any CPU
		{2D35A83E-B8C8-49CB-9DCF-6D130CBE3832}.AppStore|x64.Build.0 = Release|Any CPU
		{2D35A83E-B8C8-49CB-9DCF-6D130CBE3832}.AppStore|x86.ActiveCfg = Release|Any CPU
		{2D35A83E-B8C8-49CB-9DCF-6D130CBE3832}.AppStore|x86.Build.0 = Release|Any CPU
		{2D35A83E-B8C8-49CB-9DCF-6D130CBE3832}.Debug|ARM.ActiveCfg = Debug|Any CPU
		{2D35A83E-B8C8-49CB-9DCF-6D130CBE3832}.Debug|ARM.Build.0 = Debug|Any CPU
		{2D35A83E-B8C8-49CB-9DCF-6D130CBE3832}.Debug|iPhone.ActiveCfg = Debug|Any CPU
		{2D35A83E-B8C8-49CB-9DCF-6D130CBE3832}.Debug|iPhone.Build.0 = Debug|Any CPU
		{2D35A83E-B8C8-49CB-9DCF-6D130CBE3832}.Debug|iPhoneSimulator.ActiveCfg = Debug|Any CPU
		{2D35A83E-B8C8-49CB-9DCF-6D130CBE3832}.Debug|iPhoneSimulator.Build.0 = Debug|Any CPU
		{2D35A83E-B8C8-49CB-9DCF-6D130CBE3832}.Debug|x64.ActiveCfg = Debug|x64
		{2D35A83E-B8C8-49CB-9DCF-6D130CBE3832}.Debug|x64.Build.0 = Debug|x64
		{2D35A83E-B8C8-49CB-9DCF-6D130CBE3832}.Debug|x86.ActiveCfg = Debug|x86
		{2D35A83E-B8C8-49CB-9DCF-6D130CBE3832}.Debug|x86.Build.0 = Debug|x86
		{2D35A83E-B8C8-49CB-9DCF-6D130CBE3832}.Release|ARM.ActiveCfg = Release|Any CPU
		{2D35A83E-B8C8-49CB-9DCF-6D130CBE3832}.Release|ARM.Build.0 = Release|Any CPU
		{2D35A83E-B8C8-49CB-9DCF-6D130CBE3832}.Release|iPhone.ActiveCfg = Release|Any CPU
		{2D35A83E-B8C8-49CB-9DCF-6D130CBE3832}.Release|iPhone.Build.0 = Release|Any CPU
		{2D35A83E-B8C8-49CB-9DCF-6D130CBE3832}.Release|iPhoneSimulator.ActiveCfg = Release|Any CPU
		{2D35A83E-B8C8-49CB-9DCF-6D130CBE3832}.Release|iPhoneSimulator.Build.0 = Release|Any CPU
		{2D35A83E-B8C8-49CB-9DCF-6D130CBE3832}.Release|x64.ActiveCfg = Release|Any CPU
		{2D35A83E-B8C8-49CB-9DCF-6D130CBE3832}.Release|x64.Build.0 = Release|Any CPU
		{2D35A83E-B8C8-49CB-9DCF-6D130CBE3832}.Release|x86.ActiveCfg = Release|Any CPU
		{2D35A83E-B8C8-49CB-9DCF-6D130CBE3832}.Release|x86.Build.0 = Release|Any CPU
		{CA7AB65C-57DE-412C-AF42-E7E6EDDF2D5F}.Ad-Hoc|ARM.ActiveCfg = Ad-Hoc|iPhone
		{CA7AB65C-57DE-412C-AF42-E7E6EDDF2D5F}.Ad-Hoc|iPhone.ActiveCfg = Ad-Hoc|iPhone
		{CA7AB65C-57DE-412C-AF42-E7E6EDDF2D5F}.Ad-Hoc|iPhone.Build.0 = Ad-Hoc|iPhone
		{CA7AB65C-57DE-412C-AF42-E7E6EDDF2D5F}.Ad-Hoc|iPhoneSimulator.ActiveCfg = Ad-Hoc|iPhone
		{CA7AB65C-57DE-412C-AF42-E7E6EDDF2D5F}.Ad-Hoc|x64.ActiveCfg = Ad-Hoc|iPhone
		{CA7AB65C-57DE-412C-AF42-E7E6EDDF2D5F}.Ad-Hoc|x86.ActiveCfg = Ad-Hoc|iPhone
		{CA7AB65C-57DE-412C-AF42-E7E6EDDF2D5F}.AppStore|ARM.ActiveCfg = AppStore|iPhone
		{CA7AB65C-57DE-412C-AF42-E7E6EDDF2D5F}.AppStore|iPhone.ActiveCfg = AppStore|iPhone
		{CA7AB65C-57DE-412C-AF42-E7E6EDDF2D5F}.AppStore|iPhone.Build.0 = AppStore|iPhone
		{CA7AB65C-57DE-412C-AF42-E7E6EDDF2D5F}.AppStore|iPhoneSimulator.ActiveCfg = AppStore|iPhone
		{CA7AB65C-57DE-412C-AF42-E7E6EDDF2D5F}.AppStore|x64.ActiveCfg = AppStore|iPhone
		{CA7AB65C-57DE-412C-AF42-E7E6EDDF2D5F}.AppStore|x86.ActiveCfg = AppStore|iPhone
		{CA7AB65C-57DE-412C-AF42-E7E6EDDF2D5F}.Debug|ARM.ActiveCfg = Debug|iPhoneSimulator
		{CA7AB65C-57DE-412C-AF42-E7E6EDDF2D5F}.Debug|ARM.Build.0 = Debug|iPhoneSimulator
		{CA7AB65C-57DE-412C-AF42-E7E6EDDF2D5F}.Debug|iPhone.ActiveCfg = Debug|iPhone
		{CA7AB65C-57DE-412C-AF42-E7E6EDDF2D5F}.Debug|iPhone.Build.0 = Debug|iPhone
		{CA7AB65C-57DE-412C-AF42-E7E6EDDF2D5F}.Debug|iPhoneSimulator.ActiveCfg = Debug|iPhoneSimulator
		{CA7AB65C-57DE-412C-AF42-E7E6EDDF2D5F}.Debug|iPhoneSimulator.Build.0 = Debug|iPhoneSimulator
		{CA7AB65C-57DE-412C-AF42-E7E6EDDF2D5F}.Debug|x64.ActiveCfg = Debug|iPhoneSimulator
		{CA7AB65C-57DE-412C-AF42-E7E6EDDF2D5F}.Debug|x64.Build.0 = Debug|iPhoneSimulator
		{CA7AB65C-57DE-412C-AF42-E7E6EDDF2D5F}.Debug|x86.ActiveCfg = Debug|iPhoneSimulator
		{CA7AB65C-57DE-412C-AF42-E7E6EDDF2D5F}.Debug|x86.Build.0 = Debug|iPhoneSimulator
		{CA7AB65C-57DE-412C-AF42-E7E6EDDF2D5F}.Release|ARM.ActiveCfg = Release|iPhoneSimulator
		{CA7AB65C-57DE-412C-AF42-E7E6EDDF2D5F}.Release|ARM.Build.0 = Release|iPhoneSimulator
		{CA7AB65C-57DE-412C-AF42-E7E6EDDF2D5F}.Release|iPhone.ActiveCfg = Release|iPhone
		{CA7AB65C-57DE-412C-AF42-E7E6EDDF2D5F}.Release|iPhone.Build.0 = Release|iPhone
		{CA7AB65C-57DE-412C-AF42-E7E6EDDF2D5F}.Release|iPhoneSimulator.ActiveCfg = Release|iPhoneSimulator
		{CA7AB65C-57DE-412C-AF42-E7E6EDDF2D5F}.Release|iPhoneSimulator.Build.0 = Release|iPhoneSimulator
		{CA7AB65C-57DE-412C-AF42-E7E6EDDF2D5F}.Release|x64.ActiveCfg = Release|iPhoneSimulator
		{CA7AB65C-57DE-412C-AF42-E7E6EDDF2D5F}.Release|x64.Build.0 = Release|iPhoneSimulator
		{CA7AB65C-57DE-412C-AF42-E7E6EDDF2D5F}.Release|x86.ActiveCfg = Release|iPhoneSimulator
		{CA7AB65C-57DE-412C-AF42-E7E6EDDF2D5F}.Release|x86.Build.0 = Release|iPhoneSimulator
		{3142C246-AD4F-4960-8206-CEBA37ADE4FF}.Ad-Hoc|ARM.ActiveCfg = Debug|Any CPU
		{3142C246-AD4F-4960-8206-CEBA37ADE4FF}.Ad-Hoc|ARM.Build.0 = Debug|Any CPU
		{3142C246-AD4F-4960-8206-CEBA37ADE4FF}.Ad-Hoc|iPhone.ActiveCfg = Debug|Any CPU
		{3142C246-AD4F-4960-8206-CEBA37ADE4FF}.Ad-Hoc|iPhone.Build.0 = Debug|Any CPU
		{3142C246-AD4F-4960-8206-CEBA37ADE4FF}.Ad-Hoc|iPhoneSimulator.ActiveCfg = Debug|Any CPU
		{3142C246-AD4F-4960-8206-CEBA37ADE4FF}.Ad-Hoc|iPhoneSimulator.Build.0 = Debug|Any CPU
		{3142C246-AD4F-4960-8206-CEBA37ADE4FF}.Ad-Hoc|x64.ActiveCfg = Debug|Any CPU
		{3142C246-AD4F-4960-8206-CEBA37ADE4FF}.Ad-Hoc|x64.Build.0 = Debug|Any CPU
		{3142C246-AD4F-4960-8206-CEBA37ADE4FF}.Ad-Hoc|x86.ActiveCfg = Debug|Any CPU
		{3142C246-AD4F-4960-8206-CEBA37ADE4FF}.Ad-Hoc|x86.Build.0 = Debug|Any CPU
		{3142C246-AD4F-4960-8206-CEBA37ADE4FF}.AppStore|ARM.ActiveCfg = Debug|Any CPU
		{3142C246-AD4F-4960-8206-CEBA37ADE4FF}.AppStore|ARM.Build.0 = Debug|Any CPU
		{3142C246-AD4F-4960-8206-CEBA37ADE4FF}.AppStore|iPhone.ActiveCfg = Debug|Any CPU
		{3142C246-AD4F-4960-8206-CEBA37ADE4FF}.AppStore|iPhone.Build.0 = Debug|Any CPU
		{3142C246-AD4F-4960-8206-CEBA37ADE4FF}.AppStore|iPhoneSimulator.ActiveCfg = Debug|Any CPU
		{3142C246-AD4F-4960-8206-CEBA37ADE4FF}.AppStore|iPhoneSimulator.Build.0 = Debug|Any CPU
		{3142C246-AD4F-4960-8206-CEBA37ADE4FF}.AppStore|x64.ActiveCfg = Debug|Any CPU
		{3142C246-AD4F-4960-8206-CEBA37ADE4FF}.AppStore|x64.Build.0 = Debug|Any CPU
		{3142C246-AD4F-4960-8206-CEBA37ADE4FF}.AppStore|x86.ActiveCfg = Debug|Any CPU
		{3142C246-AD4F-4960-8206-CEBA37ADE4FF}.AppStore|x86.Build.0 = Debug|Any CPU
		{3142C246-AD4F-4960-8206-CEBA37ADE4FF}.Debug|ARM.ActiveCfg = Debug|Any CPU
		{3142C246-AD4F-4960-8206-CEBA37ADE4FF}.Debug|ARM.Build.0 = Debug|Any CPU
		{3142C246-AD4F-4960-8206-CEBA37ADE4FF}.Debug|iPhone.ActiveCfg = Debug|Any CPU
		{3142C246-AD4F-4960-8206-CEBA37ADE4FF}.Debug|iPhone.Build.0 = Debug|Any CPU
		{3142C246-AD4F-4960-8206-CEBA37ADE4FF}.Debug|iPhoneSimulator.ActiveCfg = Debug|Any CPU
		{3142C246-AD4F-4960-8206-CEBA37ADE4FF}.Debug|iPhoneSimulator.Build.0 = Debug|Any CPU
		{3142C246-AD4F-4960-8206-CEBA37ADE4FF}.Debug|x64.ActiveCfg = Debug|x64
		{3142C246-AD4F-4960-8206-CEBA37ADE4FF}.Debug|x64.Build.0 = Debug|x64
		{3142C246-AD4F-4960-8206-CEBA37ADE4FF}.Debug|x86.ActiveCfg = Debug|x86
		{3142C246-AD4F-4960-8206-CEBA37ADE4FF}.Debug|x86.Build.0 = Debug|x86
		{3142C246-AD4F-4960-8206-CEBA37ADE4FF}.Release|ARM.ActiveCfg = Release|Any CPU
		{3142C246-AD4F-4960-8206-CEBA37ADE4FF}.Release|ARM.Build.0 = Release|Any CPU
		{3142C246-AD4F-4960-8206-CEBA37ADE4FF}.Release|iPhone.ActiveCfg = Release|x86
		{3142C246-AD4F-4960-8206-CEBA37ADE4FF}.Release|iPhone.Build.0 = Release|x86
		{3142C246-AD4F-4960-8206-CEBA37ADE4FF}.Release|iPhoneSimulator.ActiveCfg = Release|Any CPU
		{3142C246-AD4F-4960-8206-CEBA37ADE4FF}.Release|iPhoneSimulator.Build.0 = Release|Any CPU
		{3142C246-AD4F-4960-8206-CEBA37ADE4FF}.Release|x64.ActiveCfg = Release|x64
		{3142C246-AD4F-4960-8206-CEBA37ADE4FF}.Release|x64.Build.0 = Release|x64
		{3142C246-AD4F-4960-8206-CEBA37ADE4FF}.Release|x86.ActiveCfg = Release|Any CPU
		{3142C246-AD4F-4960-8206-CEBA37ADE4FF}.Release|x86.Build.0 = Release|Any CPU
	EndGlobalSection
	GlobalSection(SolutionProperties) = preSolution
		HideSolutionNode = FALSE
	EndGlobalSection
	GlobalSection(ExtensibilityGlobals) = postSolution
		SolutionGuid = {EAC6BFD1-C2D3-4743-9D4F-5CC1BFB47F89}
	EndGlobalSection
EndGlobal
